
Microsoft Visual Studio Solution File, Format Version 12.00
# Visual Studio Version 17
VisualStudioVersion = 17.4.33213.308
MinimumVisualStudioVersion = 10.0.40219.1
Project("{FAE04EC0-301F-11D3-BF4B-00C04F79EFBC}") = "eStoreAP", "eStoreAP\eStoreAP.csproj", "{79D6790D-0D20-46D3-B257-6EDA79DE162B}"
EndProject
Project("{FAE04EC0-301F-11D3-BF4B-00C04F79EFBC}") = "BusinessObject", "BusinessObject\BusinessObject.csproj", "{8692594F-92DF-4D6F-A02B-2D834E419159}"
EndProject
Project("{FAE04EC0-301F-11D3-BF4B-00C04F79EFBC}") = "DataAccess", "DataAccess\DataAccess.csproj", "{DA48528B-2097-4C80-B12A-3860419F294A}"
EndProject
Global
	GlobalSection(SolutionConfigurationPlatforms) = preSolution
		Debug|Any CPU = Debug|Any CPU
		Release|Any CPU = Release|Any CPU
	EndGlobalSection
	GlobalSection(ProjectConfigurationPlatforms) = postSolution
		{79D6790D-0D20-46D3-B257-6EDA79DE162B}.Debug|Any CPU.ActiveCfg = Debug|Any CPU
		{79D6790D-0D20-46D3-B257-6EDA79DE162B}.Debug|Any CPU.Build.0 = Debug|Any CPU
		{79D6790D-0D20-46D3-B257-6EDA79DE162B}.Release|Any CPU.ActiveCfg = Release|Any CPU
		{79D6790D-0D20-46D3-B257-6EDA79DE162B}.Release|Any CPU.Build.0 = Release|Any CPU
		{8692594F-92DF-4D6F-A02B-2D834E419159}.Debug|Any CPU.ActiveCfg = Debug|Any CPU
		{8692594F-92DF-4D6F-A02B-2D834E419159}.Debug|Any CPU.Build.0 = Debug|Any CPU
		{8692594F-92DF-4D6F-A02B-2D834E419159}.Release|Any CPU.ActiveCfg = Release|Any CPU
		{8692594F-92DF-4D6F-A02B-2D834E419159}.Release|Any CPU.Build.0 = Release|Any CPU
		{DA48528B-2097-4C80-B12A-3860419F294A}.Debug|Any CPU.ActiveCfg = Debug|Any CPU
		{DA48528B-2097-4C80-B12A-3860419F294A}.Debug|Any CPU.Build.0 = Debug|Any CPU
		{DA48528B-2097-4C80-B12A-3860419F294A}.Release|Any CPU.ActiveCfg = Release|Any CPU
		{DA48528B-2097-4C80-B12A-3860419F294A}.Release|Any CPU.Build.0 = Release|Any CPU
	EndGlobalSection
	GlobalSection(SolutionProperties) = preSolution
		HideSolutionNode = FALSE
	EndGlobalSection
	GlobalSection(ExtensibilityGlobals) = postSolution
		SolutionGuid = {3F8144C9-B52B-412B-BA30-D03221D8E369}
	EndGlobalSection
EndGlobal
